PODS:
  - Bolts (1.8.4):
    - Bolts/AppLinks (= 1.8.4)
    - Bolts/Tasks (= 1.8.4)
  - Bolts/AppLinks (1.8.4):
    - Bolts/Tasks
  - Bolts/Tasks (1.8.4)
  - Fabric (1.6.11)
  - FBSDKCoreKit (4.19.0):
    - Bolts (~> 1.7)
  - FBSDKLoginKit (4.19.0):
    - FBSDKCoreKit
  - Firebase/Auth (3.12.0):
    - Firebase/Core
    - FirebaseAuth (= 3.1.0)
  - Firebase/Core (3.12.0):
    - FirebaseAnalytics (= 3.6.0)
    - FirebaseCore (= 3.4.7)
  - Firebase/Database (3.12.0):
    - Firebase/Core
    - FirebaseDatabase (= 3.1.1)
  - Firebase/Storage (3.12.0):
    - Firebase/Core
    - FirebaseStorage (= 1.0.5)
  - FirebaseAnalytics (3.6.0):
    - FirebaseCore (~> 3.4)
    - FirebaseInstanceID (~> 1.0)
    - GoogleInterchangeUtilities (~> 1.2)
    - GoogleSymbolUtilities (~> 1.1)
    - GoogleToolboxForMac/NSData+zlib (~> 2.1)
  - FirebaseAuth (3.1.0):
    - FirebaseAnalytics (~> 3.6)
    - GoogleToolboxForMac/NSDictionary+URLArguments (~> 2.1)
    - GTMSessionFetcher/Core (~> 1.1)
  - FirebaseCore (3.4.7):
    - GoogleInterchangeUtilities (~> 1.2)
    - GoogleSymbolUtilities (~> 1.1)
    - GoogleToolboxForMac/NSData+zlib (~> 2.1)
  - FirebaseDatabase (3.1.1):
    - FirebaseAnalytics (~> 3.5)
  - FirebaseInstanceID (1.0.8)
  - FirebaseStorage (1.0.5):
    - FirebaseAnalytics (~> 3.5)
    - GTMSessionFetcher/Core (~> 1.1)
  - FirebaseUI (3.0.0):
    - FirebaseUI/All (= 3.0.0)
  - FirebaseUI/All (3.0.0):
    - FirebaseUI/Auth
    - FirebaseUI/Database
    - FirebaseUI/Facebook
    - FirebaseUI/Google
    - FirebaseUI/Storage
    - FirebaseUI/Twitter
  - FirebaseUI/Auth (3.0.0):
    - Firebase/Auth
  - FirebaseUI/Database (3.0.0):
    - Firebase/Database
  - FirebaseUI/Facebook (3.0.0):
    - FBSDKLoginKit (~> 4.0)
    - FirebaseUI/Auth
  - FirebaseUI/Google (3.0.0):
    - FirebaseUI/Auth
    - GoogleSignIn (~> 4.0)
  - FirebaseUI/Storage (3.0.0):
    - Firebase/Storage
    - SDWebImage (~> 4.0)
  - FirebaseUI/Twitter (3.0.0):
    - FirebaseUI/Auth
    - TwitterKit (~> 2.4)
  - GoogleAppUtilities (1.1.2):
    - GoogleSymbolUtilities (~> 1.1)
  - GoogleInterchangeUtilities (1.2.2):
    - GoogleSymbolUtilities (~> 1.1)
  - GoogleMaps (2.1.1):
    - GoogleMaps/Maps (= 2.1.1)
  - GoogleMaps/Base (2.1.1)
  - GoogleMaps/Maps (2.1.1):
    - GoogleMaps/Base
  - GoogleSignIn (4.0.1):
    - GoogleAppUtilities (~> 1.1)
    - GoogleToolboxForMac/NSDictionary+URLArguments (~> 2.1)
    - GTMOAuth2 (~> 1.0)
    - GTMSessionFetcher/Core (~> 1.1)
  - GoogleSymbolUtilities (1.1.1)
  - GoogleToolboxForMac/DebugUtils (2.1.1):
    - GoogleToolboxForMac/Defines (= 2.1.1)
  - GoogleToolboxForMac/Defines (2.1.1)
  - GoogleToolboxForMac/NSData+zlib (2.1.1):
    - GoogleToolboxForMac/Defines (= 2.1.1)
  - GoogleToolboxForMac/NSDictionary+URLArguments (2.1.1):
    - GoogleToolboxForMac/DebugUtils (= 2.1.1)
    - GoogleToolboxForMac/Defines (= 2.1.1)
    - GoogleToolboxForMac/NSString+URLArguments (= 2.1.1)
  - GoogleToolboxForMac/NSString+URLArguments (2.1.1)
  - GTMOAuth2 (1.1.4):
    - GTMSessionFetcher (~> 1.1)
  - GTMSessionFetcher (1.1.8):
    - GTMSessionFetcher/Full (= 1.1.8)
  - GTMSessionFetcher/Core (1.1.8)
  - GTMSessionFetcher/Full (1.1.8):
    - GTMSessionFetcher/Core (= 1.1.8)
  - Kingfisher (3.4.0)
  - PKHUD (4.2.0)
  - PureLayout (3.0.2)
  - SDWebImage (4.0.0):
    - SDWebImage/Core (= 4.0.0)
  - SDWebImage/Core (4.0.0)
  - StravaKit (0.9.1)
  - TwitterCore (2.8.0):
    - Fabric
  - TwitterKit (2.8.0):
    - TwitterCore (= 2.8.0)

DEPENDENCIES:
  - Firebase/Auth
  - Firebase/Database
  - FirebaseUI
  - GoogleMaps
  - Kingfisher (~> 3.0)
  - PKHUD (~> 4.0)
  - PureLayout
  - StravaKit

SPEC CHECKSUMS:
  Bolts: 8a7995239dbe724f9cba2248b766d48b7ebdd322
  Fabric: 5911403591946b8228ab1c51d98f1d7137e863c6
  FBSDKCoreKit: 894b2b6eda6a4c8c4204e92e59cc355709ef045c
  FBSDKLoginKit: 83ca4d8f12a2022570af9fd6aacf27f6b425b99f
  Firebase: 8e99eb1ff553ad5bcc6072cc3d925bb89c1244d6
  FirebaseAnalytics: 9c67af0ebeb8d2146c9b4ea2616439affa947b58
  FirebaseAuth: b436e4ecebe068bf8e8c6e4e29de5756ffe7ee24
  FirebaseCore: 46afaf2c2e0419ea7d3acfb08cf26a461a75fe85
  FirebaseDatabase: 6de92187481ff0e8e124064f21742e95ee883b02
  FirebaseInstanceID: ba1e640935235e5fac39dfa816fe7660e72e1a8a
  FirebaseStorage: 5738284835edb57f0e81d4ae5832bb17c1e4b5fa
  FirebaseUI: a647cdc7bd4dea6505f3c0e3a995a19aa416347a
  GoogleAppUtilities: a8a552aa74f6597f805e45b5a3962766c3134973
  GoogleInterchangeUtilities: d5bc4d88d5b661ab72f9d70c58d02ca8c27ad1f7
  GoogleMaps: a5b5bbe47734e2443bde781a6aa64e69fdb6d785
  GoogleSignIn: a8694c0a8e6d1b0ec77c58014de5bfd4ba2fa766
  GoogleSymbolUtilities: 33117db1b5f290c6fbf259585e4885b4c84b98d7
  GoogleToolboxForMac: 8e329f1b599f2512c6b10676d45736bcc2cbbeb0
  GTMOAuth2: 7fc9c10f5c745f4d9850419ea88889fe3baa6b7d
  GTMSessionFetcher: 6f8d8b28b7e345549ac471071608170b31cb4977
  Kingfisher: 5690cfb3d1bddf3a98d679a3a34d0b7294974ed2
  PKHUD: 48af884cf00c2213b0313b739d914e6cab1c0f5e
  PureLayout: 4d550abe49a94f24c2808b9b95db9131685fe4cd
  SDWebImage: 76a6348bdc74eb5a55dd08a091ef298e56b55e41
  StravaKit: 5864509e8a0541539e2b9e49d383bf94f26263b7
  TwitterCore: e959987be23c767004d29eb7fab8d85d8585a2e5
  TwitterKit: f7b0a1adcb800f6446ff0ef70164797376522ff3

PODFILE CHECKSUM: d60ccb75ffc9f07a3da7129f3ee24103f63bf9ab

COCOAPODS: 1.1.1
